// !$*UTF8*$!
{
	archiveVersion = 1;
	classes = {
	};
	objectVersion = 56;
	objects = {

/* Begin PBXBuildFile section */
		BEE64DC82BA2E52100790EA7 /* AppDelegate.swift in Sources */ = {isa = PBXBuildFile; fileRef = BEE64DC72BA2E52100790EA7 /* AppDelegate.swift */; };
		BEE64DCA2BA2E52100790EA7 /* SceneDelegate.swift in Sources */ = {isa = PBXBuildFile; fileRef = BEE64DC92BA2E52100790EA7 /* SceneDelegate.swift */; };
		BEE64DCC2BA2E52100790EA7 /* LoginViewController.swift in Sources */ = {isa = PBXBuildFile; fileRef = BEE64DCB2BA2E52100790EA7 /* LoginViewController.swift */; };
		BEE64DCF2BA2E52100790EA7 /* Main.storyboard in Resources */ = {isa = PBXBuildFile; fileRef = BEE64DCD2BA2E52100790EA7 /* Main.storyboard */; };
		BEE64DD12BA2E52200790EA7 /* Assets.xcassets in Resources */ = {isa = PBXBuildFile; fileRef = BEE64DD02BA2E52200790EA7 /* Assets.xcassets */; };
		BEE64DD42BA2E52200790EA7 /* LaunchScreen.storyboard in Resources */ = {isa = PBXBuildFile; fileRef = BEE64DD22BA2E52200790EA7 /* LaunchScreen.storyboard */; };
		BEE64DDF2BA2E66800790EA7 /* FirebaseAnalytics in Frameworks */ = {isa = PBXBuildFile; productRef = BEE64DDE2BA2E66800790EA7 /* FirebaseAnalytics */; };
		BEE64DE12BA2E66800790EA7 /* FirebaseAnalyticsOnDeviceConversion in Frameworks */ = {isa = PBXBuildFile; productRef = BEE64DE02BA2E66800790EA7 /* FirebaseAnalyticsOnDeviceConversion */; };
		BEE64DE32BA2E66800790EA7 /* FirebaseAnalyticsSwift in Frameworks */ = {isa = PBXBuildFile; productRef = BEE64DE22BA2E66800790EA7 /* FirebaseAnalyticsSwift */; };
		BEE64DE52BA2E66800790EA7 /* FirebaseAnalyticsWithoutAdIdSupport in Frameworks */ = {isa = PBXBuildFile; productRef = BEE64DE42BA2E66800790EA7 /* FirebaseAnalyticsWithoutAdIdSupport */; };
		BEE64DE72BA2E66800790EA7 /* FirebaseAppCheck in Frameworks */ = {isa = PBXBuildFile; productRef = BEE64DE62BA2E66800790EA7 /* FirebaseAppCheck */; };
		BEE64DE92BA2E66800790EA7 /* FirebaseAppDistribution-Beta in Frameworks */ = {isa = PBXBuildFile; productRef = BEE64DE82BA2E66800790EA7 /* FirebaseAppDistribution-Beta */; };
		BEE64DEB2BA2E66800790EA7 /* FirebaseAuth in Frameworks */ = {isa = PBXBuildFile; productRef = BEE64DEA2BA2E66800790EA7 /* FirebaseAuth */; };
		BEE64DED2BA2E66800790EA7 /* FirebaseAuthCombine-Community in Frameworks */ = {isa = PBXBuildFile; productRef = BEE64DEC2BA2E66800790EA7 /* FirebaseAuthCombine-Community */; };
		BEE64DEF2BA2E66800790EA7 /* FirebaseCrashlytics in Frameworks */ = {isa = PBXBuildFile; productRef = BEE64DEE2BA2E66800790EA7 /* FirebaseCrashlytics */; };
		BEE64DF12BA2E66800790EA7 /* FirebaseDatabase in Frameworks */ = {isa = PBXBuildFile; productRef = BEE64DF02BA2E66800790EA7 /* FirebaseDatabase */; };
		BEE64DF32BA2E66800790EA7 /* FirebaseDatabaseSwift in Frameworks */ = {isa = PBXBuildFile; productRef = BEE64DF22BA2E66800790EA7 /* FirebaseDatabaseSwift */; };
		BEE64DF52BA2E66800790EA7 /* FirebaseDynamicLinks in Frameworks */ = {isa = PBXBuildFile; productRef = BEE64DF42BA2E66800790EA7 /* FirebaseDynamicLinks */; };
		BEE64DF72BA2E66800790EA7 /* FirebaseFirestore in Frameworks */ = {isa = PBXBuildFile; productRef = BEE64DF62BA2E66800790EA7 /* FirebaseFirestore */; };
		BEE64DF92BA2E66800790EA7 /* FirebaseFirestoreCombine-Community in Frameworks */ = {isa = PBXBuildFile; productRef = BEE64DF82BA2E66800790EA7 /* FirebaseFirestoreCombine-Community */; };
		BEE64DFB2BA2E66800790EA7 /* FirebaseFirestoreSwift in Frameworks */ = {isa = PBXBuildFile; productRef = BEE64DFA2BA2E66800790EA7 /* FirebaseFirestoreSwift */; };
		BEE64DFD2BA2E66800790EA7 /* FirebaseFunctions in Frameworks */ = {isa = PBXBuildFile; productRef = BEE64DFC2BA2E66800790EA7 /* FirebaseFunctions */; };
		BEE64DFF2BA2E66800790EA7 /* FirebaseFunctionsCombine-Community in Frameworks */ = {isa = PBXBuildFile; productRef = BEE64DFE2BA2E66800790EA7 /* FirebaseFunctionsCombine-Community */; };
		BEE64E012BA2E66800790EA7 /* FirebaseInAppMessaging-Beta in Frameworks */ = {isa = PBXBuildFile; productRef = BEE64E002BA2E66800790EA7 /* FirebaseInAppMessaging-Beta */; };
		BEE64E032BA2E66800790EA7 /* FirebaseInAppMessagingSwift-Beta in Frameworks */ = {isa = PBXBuildFile; productRef = BEE64E022BA2E66800790EA7 /* FirebaseInAppMessagingSwift-Beta */; };
		BEE64E052BA2E66800790EA7 /* FirebaseInstallations in Frameworks */ = {isa = PBXBuildFile; productRef = BEE64E042BA2E66800790EA7 /* FirebaseInstallations */; };
		BEE64E072BA2E66800790EA7 /* FirebaseMLModelDownloader in Frameworks */ = {isa = PBXBuildFile; productRef = BEE64E062BA2E66800790EA7 /* FirebaseMLModelDownloader */; };
		BEE64E092BA2E66800790EA7 /* FirebaseMessaging in Frameworks */ = {isa = PBXBuildFile; productRef = BEE64E082BA2E66800790EA7 /* FirebaseMessaging */; };
		BEE64E0B2BA2E66800790EA7 /* FirebasePerformance in Frameworks */ = {isa = PBXBuildFile; productRef = BEE64E0A2BA2E66800790EA7 /* FirebasePerformance */; };
		BEE64E0D2BA2E66800790EA7 /* FirebaseRemoteConfig in Frameworks */ = {isa = PBXBuildFile; productRef = BEE64E0C2BA2E66800790EA7 /* FirebaseRemoteConfig */; };
		BEE64E0F2BA2E66800790EA7 /* FirebaseRemoteConfigSwift in Frameworks */ = {isa = PBXBuildFile; productRef = BEE64E0E2BA2E66800790EA7 /* FirebaseRemoteConfigSwift */; };
		BEE64E112BA2E66800790EA7 /* FirebaseStorage in Frameworks */ = {isa = PBXBuildFile; productRef = BEE64E102BA2E66800790EA7 /* FirebaseStorage */; };
		BEE64E132BA2E66800790EA7 /* FirebaseStorageCombine-Community in Frameworks */ = {isa = PBXBuildFile; productRef = BEE64E122BA2E66800790EA7 /* FirebaseStorageCombine-Community */; };
		BEE64E152BA2EAA800790EA7 /* FeedViewController.swift in Sources */ = {isa = PBXBuildFile; fileRef = BEE64E142BA2EAA800790EA7 /* FeedViewController.swift */; };
		BEE64E172BA2EAB400790EA7 /* UploadViewController.swift in Sources */ = {isa = PBXBuildFile; fileRef = BEE64E162BA2EAB400790EA7 /* UploadViewController.swift */; };
		BEE64E192BA2EABF00790EA7 /* SettingsViewController.swift in Sources */ = {isa = PBXBuildFile; fileRef = BEE64E182BA2EABF00790EA7 /* SettingsViewController.swift */; };
		BEE64E1C2BA3189A00790EA7 /* GoogleService-Info.plist in Resources */ = {isa = PBXBuildFile; fileRef = BEE64E1B2BA3189A00790EA7 /* GoogleService-Info.plist */; };
		BEE64E1E2BA3AB6000790EA7 /* FeedTableViewCell.swift in Sources */ = {isa = PBXBuildFile; fileRef = BEE64E1D2BA3AB6000790EA7 /* FeedTableViewCell.swift */; };
/* End PBXBuildFile section */

/* Begin PBXFileReference section */
		BEE64DC42BA2E52100790EA7 /* sharePhoto.app */ = {isa = PBXFileReference; explicitFileType = wrapper.application; includeInIndex = 0; path = sharePhoto.app; sourceTree = BUILT_PRODUCTS_DIR; };
		BEE64DC72BA2E52100790EA7 /* AppDelegate.swift */ = {isa = PBXFileReference; lastKnownFileType = sourcecode.swift; path = AppDelegate.swift; sourceTree = "<group>"; };
		BEE64DC92BA2E52100790EA7 /* SceneDelegate.swift */ = {isa = PBXFileReference; lastKnownFileType = sourcecode.swift; path = SceneDelegate.swift; sourceTree = "<group>"; };
		BEE64DCB2BA2E52100790EA7 /* LoginViewController.swift */ = {isa = PBXFileReference; lastKnownFileType = sourcecode.swift; path = LoginViewController.swift; sourceTree = "<group>"; };
		BEE64DCE2BA2E52100790EA7 /* Base */ = {isa = PBXFileReference; lastKnownFileType = file.storyboard; name = Base; path = Base.lproj/Main.storyboard; sourceTree = "<group>"; };
		BEE64DD02BA2E52200790EA7 /* Assets.xcassets */ = {isa = PBXFileReference; lastKnownFileType = folder.assetcatalog; path = Assets.xcassets; sourceTree = "<group>"; };
		BEE64DD32BA2E52200790EA7 /* Base */ = {isa = PBXFileReference; lastKnownFileType = file.storyboard; name = Base; path = Base.lproj/LaunchScreen.storyboard; sourceTree = "<group>"; };
		BEE64DD52BA2E52200790EA7 /* Info.plist */ = {isa = PBXFileReference; lastKnownFileType = text.plist.xml; path = Info.plist; sourceTree = "<group>"; };
		BEE64E142BA2EAA800790EA7 /* FeedViewController.swift */ = {isa = PBXFileReference; lastKnownFileType = sourcecode.swift; path = FeedViewController.swift; sourceTree = "<group>"; };
		BEE64E162BA2EAB400790EA7 /* UploadViewController.swift */ = {isa = PBXFileReference; lastKnownFileType = sourcecode.swift; path = UploadViewController.swift; sourceTree = "<group>"; };
		BEE64E182BA2EABF00790EA7 /* SettingsViewController.swift */ = {isa = PBXFileReference; lastKnownFileType = sourcecode.swift; path = SettingsViewController.swift; sourceTree = "<group>"; };
		BEE64E1B2BA3189A00790EA7 /* GoogleService-Info.plist */ = {isa = PBXFileReference; fileEncoding = 4; lastKnownFileType = text.plist.xml; path = "GoogleService-Info.plist"; sourceTree = "<group>"; };
		BEE64E1D2BA3AB6000790EA7 /* FeedTableViewCell.swift */ = {isa = PBXFileReference; lastKnownFileType = sourcecode.swift; path = FeedTableViewCell.swift; sourceTree = "<group>"; };
/* End PBXFileReference section */

/* Begin PBXFrameworksBuildPhase section */
		BEE64DC12BA2E52100790EA7 /* Frameworks */ = {
			isa = PBXFrameworksBuildPhase;
			buildActionMask = 2147483647;
			files = (
				BEE64DF12BA2E66800790EA7 /* FirebaseDatabase in Frameworks */,
				BEE64DFF2BA2E66800790EA7 /* FirebaseFunctionsCombine-Community in Frameworks */,
				BEE64DF72BA2E66800790EA7 /* FirebaseFirestore in Frameworks */,
				BEE64DE32BA2E66800790EA7 /* FirebaseAnalyticsSwift in Frameworks */,
				BEE64DDF2BA2E66800790EA7 /* FirebaseAnalytics in Frameworks */,
				BEE64DE12BA2E66800790EA7 /* FirebaseAnalyticsOnDeviceConversion in Frameworks */,
				BEE64E072BA2E66800790EA7 /* FirebaseMLModelDownloader in Frameworks */,
				BEE64DFB2BA2E66800790EA7 /* FirebaseFirestoreSwift in Frameworks */,
				BEE64DE72BA2E66800790EA7 /* FirebaseAppCheck in Frameworks */,
				BEE64DE52BA2E66800790EA7 /* FirebaseAnalyticsWithoutAdIdSupport in Frameworks */,
				BEE64DEB2BA2E66800790EA7 /* FirebaseAuth in Frameworks */,
				BEE64DEF2BA2E66800790EA7 /* FirebaseCrashlytics in Frameworks */,
				BEE64E0F2BA2E66800790EA7 /* FirebaseRemoteConfigSwift in Frameworks */,
				BEE64E012BA2E66800790EA7 /* FirebaseInAppMessaging-Beta in Frameworks */,
				BEE64DF32BA2E66800790EA7 /* FirebaseDatabaseSwift in Frameworks */,
				BEE64DFD2BA2E66800790EA7 /* FirebaseFunctions in Frameworks */,
				BEE64E132BA2E66800790EA7 /* FirebaseStorageCombine-Community in Frameworks */,
				BEE64E0D2BA2E66800790EA7 /* FirebaseRemoteConfig in Frameworks */,
				BEE64DE92BA2E66800790EA7 /* FirebaseAppDistribution-Beta in Frameworks */,
				BEE64DED2BA2E66800790EA7 /* FirebaseAuthCombine-Community in Frameworks */,
				BEE64E0B2BA2E66800790EA7 /* FirebasePerformance in Frameworks */,
				BEE64E032BA2E66800790EA7 /* FirebaseInAppMessagingSwift-Beta in Frameworks */,
				BEE64E112BA2E66800790EA7 /* FirebaseStorage in Frameworks */,
				BEE64DF52BA2E66800790EA7 /* FirebaseDynamicLinks in Frameworks */,
				BEE64DF92BA2E66800790EA7 /* FirebaseFirestoreCombine-Community in Frameworks */,
				BEE64E092BA2E66800790EA7 /* FirebaseMessaging in Frameworks */,
				BEE64E052BA2E66800790EA7 /* FirebaseInstallations in Frameworks */,
			);
			runOnlyForDeploymentPostprocessing = 0;
		};
/* End PBXFrameworksBuildPhase section */

/* Begin PBXGroup section */
		BEE64DBB2BA2E52100790EA7 = {
			isa = PBXGroup;
			children = (
				BEE64DC62BA2E52100790EA7 /* sharePhoto */,
				BEE64DC52BA2E52100790EA7 /* Products */,
			);
			sourceTree = "<group>";
		};
		BEE64DC52BA2E52100790EA7 /* Products */ = {
			isa = PBXGroup;
			children = (
				BEE64DC42BA2E52100790EA7 /* sharePhoto.app */,
			);
			name = Products;
			sourceTree = "<group>";
		};
		BEE64DC62BA2E52100790EA7 /* sharePhoto */ = {
			isa = PBXGroup;
			children = (
				BEE64E1A2BA2EAC800790EA7 /* ViewControllers */,
				BEE64E1D2BA3AB6000790EA7 /* FeedTableViewCell.swift */,
				BEE64DC72BA2E52100790EA7 /* AppDelegate.swift */,
				BEE64DC92BA2E52100790EA7 /* SceneDelegate.swift */,
				BEE64DCD2BA2E52100790EA7 /* Main.storyboard */,
				BEE64DD22BA2E52200790EA7 /* LaunchScreen.storyboard */,
				BEE64DD02BA2E52200790EA7 /* Assets.xcassets */,
				BEE64DD52BA2E52200790EA7 /* Info.plist */,
				BEE64E1B2BA3189A00790EA7 /* GoogleService-Info.plist */,
			);
			path = sharePhoto;
			sourceTree = "<group>";
		};
		BEE64E1A2BA2EAC800790EA7 /* ViewControllers */ = {
			isa = PBXGroup;
			children = (
				BEE64DCB2BA2E52100790EA7 /* LoginViewController.swift */,
				BEE64E142BA2EAA800790EA7 /* FeedViewController.swift */,
				BEE64E162BA2EAB400790EA7 /* UploadViewController.swift */,
				BEE64E182BA2EABF00790EA7 /* SettingsViewController.swift */,
			);
			path = ViewControllers;
			sourceTree = "<group>";
		};
/* End PBXGroup section */

/* Begin PBXNativeTarget section */
		BEE64DC32BA2E52100790EA7 /* sharePhoto */ = {
			isa = PBXNativeTarget;
			buildConfigurationList = BEE64DD82BA2E52200790EA7 /* Build configuration list for PBXNativeTarget "sharePhoto" */;
			buildPhases = (
				BEE64DC02BA2E52100790EA7 /* Sources */,
				BEE64DC12BA2E52100790EA7 /* Frameworks */,
				BEE64DC22BA2E52100790EA7 /* Resources */,
			);
			buildRules = (
			);
			dependencies = (
			);
			name = sharePhoto;
			packageProductDependencies = (
				BEE64DDE2BA2E66800790EA7 /* FirebaseAnalytics */,
				BEE64DE02BA2E66800790EA7 /* FirebaseAnalyticsOnDeviceConversion */,
				BEE64DE22BA2E66800790EA7 /* FirebaseAnalyticsSwift */,
				BEE64DE42BA2E66800790EA7 /* FirebaseAnalyticsWithoutAdIdSupport */,
				BEE64DE62BA2E66800790EA7 /* FirebaseAppCheck */,
				BEE64DE82BA2E66800790EA7 /* FirebaseAppDistribution-Beta */,
				BEE64DEA2BA2E66800790EA7 /* FirebaseAuth */,
				BEE64DEC2BA2E66800790EA7 /* FirebaseAuthCombine-Community */,
				BEE64DEE2BA2E66800790EA7 /* FirebaseCrashlytics */,
				BEE64DF02BA2E66800790EA7 /* FirebaseDatabase */,
				BEE64DF22BA2E66800790EA7 /* FirebaseDatabaseSwift */,
				BEE64DF42BA2E66800790EA7 /* FirebaseDynamicLinks */,
				BEE64DF62BA2E66800790EA7 /* FirebaseFirestore */,
				BEE64DF82BA2E66800790EA7 /* FirebaseFirestoreCombine-Community */,
				BEE64DFA2BA2E66800790EA7 /* FirebaseFirestoreSwift */,
				BEE64DFC2BA2E66800790EA7 /* FirebaseFunctions */,
				BEE64DFE2BA2E66800790EA7 /* FirebaseFunctionsCombine-Community */,
				BEE64E002BA2E66800790EA7 /* FirebaseInAppMessaging-Beta */,
				BEE64E022BA2E66800790EA7 /* FirebaseInAppMessagingSwift-Beta */,
				BEE64E042BA2E66800790EA7 /* FirebaseInstallations */,
				BEE64E062BA2E66800790EA7 /* FirebaseMLModelDownloader */,
				BEE64E082BA2E66800790EA7 /* FirebaseMessaging */,
				BEE64E0A2BA2E66800790EA7 /* FirebasePerformance */,
				BEE64E0C2BA2E66800790EA7 /* FirebaseRemoteConfig */,
				BEE64E0E2BA2E66800790EA7 /* FirebaseRemoteConfigSwift */,
				BEE64E102BA2E66800790EA7 /* FirebaseStorage */,
				BEE64E122BA2E66800790EA7 /* FirebaseStorageCombine-Community */,
			);
			productName = sharePhoto;
			productReference = BEE64DC42BA2E52100790EA7 /* sharePhoto.app */;
			productType = "com.apple.product-type.application";
		};
/* End PBXNativeTarget section */

/* Begin PBXProject section */
		BEE64DBC2BA2E52100790EA7 /* Project object */ = {
			isa = PBXProject;
			attributes = {
				BuildIndependentTargetsInParallel = 1;
				LastSwiftUpdateCheck = 1510;
				LastUpgradeCheck = 1510;
				TargetAttributes = {
					BEE64DC32BA2E52100790EA7 = {
						CreatedOnToolsVersion = 15.1;
					};
				};
			};
			buildConfigurationList = BEE64DBF2BA2E52100790EA7 /* Build configuration list for PBXProject "sharePhoto" */;
			compatibilityVersion = "Xcode 14.0";
			developmentRegion = en;
			hasScannedForEncodings = 0;
			knownRegions = (
				en,
				Base,
			);
			mainGroup = BEE64DBB2BA2E52100790EA7;
			packageReferences = (
				BEE64DDD2BA2E66800790EA7 /* XCRemoteSwiftPackageReference "firebase-ios-sdk" */,
			);
			productRefGroup = BEE64DC52BA2E52100790EA7 /* Products */;
			projectDirPath = "";
			projectRoot = "";
			targets = (
				BEE64DC32BA2E52100790EA7 /* sharePhoto */,
			);
		};
/* End PBXProject section */

/* Begin PBXResourcesBuildPhase section */
		BEE64DC22BA2E52100790EA7 /* Resources */ = {
			isa = PBXResourcesBuildPhase;
			buildActionMask = 2147483647;
			files = (
				BEE64DD42BA2E52200790EA7 /* LaunchScreen.storyboard in Resources */,
				BEE64E1C2BA3189A00790EA7 /* GoogleService-Info.plist in Resources */,
				BEE64DD12BA2E52200790EA7 /* Assets.xcassets in Resources */,
				BEE64DCF2BA2E52100790EA7 /* Main.storyboard in Resources */,
			);
			runOnlyForDeploymentPostprocessing = 0;
		};
/* End PBXResourcesBuildPhase section */

/* Begin PBXSourcesBuildPhase section */
		BEE64DC02BA2E52100790EA7 /* Sources */ = {
			isa = PBXSourcesBuildPhase;
			buildActionMask = 2147483647;
			files = (
				BEE64DCC2BA2E52100790EA7 /* LoginViewController.swift in Sources */,
				BEE64E172BA2EAB400790EA7 /* UploadViewController.swift in Sources */,
				BEE64E1E2BA3AB6000790EA7 /* FeedTableViewCell.swift in Sources */,
				BEE64DC82BA2E52100790EA7 /* AppDelegate.swift in Sources */,
				BEE64E152BA2EAA800790EA7 /* FeedViewController.swift in Sources */,
				BEE64DCA2BA2E52100790EA7 /* SceneDelegate.swift in Sources */,
				BEE64E192BA2EABF00790EA7 /* SettingsViewController.swift in Sources */,
			);
			runOnlyForDeploymentPostprocessing = 0;
		};
/* End PBXSourcesBuildPhase section */

/* Begin PBXVariantGroup section */
		BEE64DCD2BA2E52100790EA7 /* Main.storyboard */ = {
			isa = PBXVariantGroup;
			children = (
				BEE64DCE2BA2E52100790EA7 /* Base */,
			);
			name = Main.storyboard;
			sourceTree = "<group>";
		};
		BEE64DD22BA2E52200790EA7 /* LaunchScreen.storyboard */ = {
			isa = PBXVariantGroup;
			children = (
				BEE64DD32BA2E52200790EA7 /* Base */,
			);
			name = LaunchScreen.storyboard;
			sourceTree = "<group>";
		};
/* End PBXVariantGroup section */

/* Begin XCBuildConfiguration section */
		BEE64DD62BA2E52200790EA7 /* Debug */ = {
			isa = XCBuildConfiguration;
			buildSettings = {
				ALWAYS_SEARCH_USER_PATHS = NO;
				ASSETCATALOG_COMPILER_GENERATE_SWIFT_ASSET_SYMBOL_EXTENSIONS = YES;
				CLANG_ANALYZER_NONNULL = YES;
				CLANG_ANALYZER_NUMBER_OBJECT_CONVERSION = YES_AGGRESSIVE;
				CLANG_CXX_LANGUAGE_STANDARD = "gnu++20";
				CLANG_ENABLE_MODULES = YES;
				CLANG_ENABLE_OBJC_ARC = YES;
				CLANG_ENABLE_OBJC_WEAK = YES;
				CLANG_WARN_BLOCK_CAPTURE_AUTORELEASING = YES;
				CLANG_WARN_BOOL_CONVERSION = YES;
				CLANG_WARN_COMMA = YES;
				CLANG_WARN_CONSTANT_CONVERSION = YES;
				CLANG_WARN_DEPRECATED_OBJC_IMPLEMENTATIONS = YES;
				CLANG_WARN_DIRECT_OBJC_ISA_USAGE = YES_ERROR;
				CLANG_WARN_DOCUMENTATION_COMMENTS = YES;
				CLANG_WARN_EMPTY_BODY = YES;
				CLANG_WARN_ENUM_CONVERSION = YES;
				CLANG_WARN_INFINITE_RECURSION = YES;
				CLANG_WARN_INT_CONVERSION = YES;
				CLANG_WARN_NON_LITERAL_NULL_CONVERSION = YES;
				CLANG_WARN_OBJC_IMPLICIT_RETAIN_SELF = YES;
				CLANG_WARN_OBJC_LITERAL_CONVERSION = YES;
				CLANG_WARN_OBJC_ROOT_CLASS = YES_ERROR;
				CLANG_WARN_QUOTED_INCLUDE_IN_FRAMEWORK_HEADER = YES;
				CLANG_WARN_RANGE_LOOP_ANALYSIS = YES;
				CLANG_WARN_STRICT_PROTOTYPES = YES;
				CLANG_WARN_SUSPICIOUS_MOVE = YES;
				CLANG_WARN_UNGUARDED_AVAILABILITY = YES_AGGRESSIVE;
				CLANG_WARN_UNREACHABLE_CODE = YES;
				CLANG_WARN__DUPLICATE_METHOD_MATCH = YES;
				COPY_PHASE_STRIP = NO;
				DEBUG_INFORMATION_FORMAT = dwarf;
				ENABLE_STRICT_OBJC_MSGSEND = YES;
				ENABLE_TESTABILITY = YES;
				ENABLE_USER_SCRIPT_SANDBOXING = YES;
				GCC_C_LANGUAGE_STANDARD = gnu17;
				GCC_DYNAMIC_NO_PIC = NO;
				GCC_NO_COMMON_BLOCKS = YES;
				GCC_OPTIMIZATION_LEVEL = 0;
				GCC_PREPROCESSOR_DEFINITIONS = (
					"DEBUG=1",
					"$(inherited)",
				);
				GCC_WARN_64_TO_32_BIT_CONVERSION = YES;
				GCC_WARN_ABOUT_RETURN_TYPE = YES_ERROR;
				GCC_WARN_UNDECLARED_SELECTOR = YES;
				GCC_WARN_UNINITIALIZED_AUTOS = YES_AGGRESSIVE;
				GCC_WARN_UNUSED_FUNCTION = YES;
				GCC_WARN_UNUSED_VARIABLE = YES;
				IPHONEOS_DEPLOYMENT_TARGET = 17.2;
				LOCALIZATION_PREFERS_STRING_CATALOGS = YES;
				MTL_ENABLE_DEBUG_INFO = INCLUDE_SOURCE;
				MTL_FAST_MATH = YES;
				ONLY_ACTIVE_ARCH = YES;
				SDKROOT = iphoneos;
				SWIFT_ACTIVE_COMPILATION_CONDITIONS = "DEBUG $(inherited)";
				SWIFT_OPTIMIZATION_LEVEL = "-Onone";
			};
			name = Debug;
		};
		BEE64DD72BA2E52200790EA7 /* Release */ = {
			isa = XCBuildConfiguration;
			buildSettings = {
				ALWAYS_SEARCH_USER_PATHS = NO;
				ASSETCATALOG_COMPILER_GENERATE_SWIFT_ASSET_SYMBOL_EXTENSIONS = YES;
				CLANG_ANALYZER_NONNULL = YES;
				CLANG_ANALYZER_NUMBER_OBJECT_CONVERSION = YES_AGGRESSIVE;
				CLANG_CXX_LANGUAGE_STANDARD = "gnu++20";
				CLANG_ENABLE_MODULES = YES;
				CLANG_ENABLE_OBJC_ARC = YES;
				CLANG_ENABLE_OBJC_WEAK = YES;
				CLANG_WARN_BLOCK_CAPTURE_AUTORELEASING = YES;
				CLANG_WARN_BOOL_CONVERSION = YES;
				CLANG_WARN_COMMA = YES;
				CLANG_WARN_CONSTANT_CONVERSION = YES;
				CLANG_WARN_DEPRECATED_OBJC_IMPLEMENTATIONS = YES;
				CLANG_WARN_DIRECT_OBJC_ISA_USAGE = YES_ERROR;
				CLANG_WARN_DOCUMENTATION_COMMENTS = YES;
				CLANG_WARN_EMPTY_BODY = YES;
				CLANG_WARN_ENUM_CONVERSION = YES;
				CLANG_WARN_INFINITE_RECURSION = YES;
				CLANG_WARN_INT_CONVERSION = YES;
				CLANG_WARN_NON_LITERAL_NULL_CONVERSION = YES;
				CLANG_WARN_OBJC_IMPLICIT_RETAIN_SELF = YES;
				CLANG_WARN_OBJC_LITERAL_CONVERSION = YES;
				CLANG_WARN_OBJC_ROOT_CLASS = YES_ERROR;
				CLANG_WARN_QUOTED_INCLUDE_IN_FRAMEWORK_HEADER = YES;
				CLANG_WARN_RANGE_LOOP_ANALYSIS = YES;
				CLANG_WARN_STRICT_PROTOTYPES = YES;
				CLANG_WARN_SUSPICIOUS_MOVE = YES;
				CLANG_WARN_UNGUARDED_AVAILABILITY = YES_AGGRESSIVE;
				CLANG_WARN_UNREACHABLE_CODE = YES;
				CLANG_WARN__DUPLICATE_METHOD_MATCH = YES;
				COPY_PHASE_STRIP = NO;
				DEBUG_INFORMATION_FORMAT = "dwarf-with-dsym";
				ENABLE_NS_ASSERTIONS = NO;
				ENABLE_STRICT_OBJC_MSGSEND = YES;
				ENABLE_USER_SCRIPT_SANDBOXING = YES;
				GCC_C_LANGUAGE_STANDARD = gnu17;
				GCC_NO_COMMON_BLOCKS = YES;
				GCC_WARN_64_TO_32_BIT_CONVERSION = YES;
				GCC_WARN_ABOUT_RETURN_TYPE = YES_ERROR;
				GCC_WARN_UNDECLARED_SELECTOR = YES;
				GCC_WARN_UNINITIALIZED_AUTOS = YES_AGGRESSIVE;
				GCC_WARN_UNUSED_FUNCTION = YES;
				GCC_WARN_UNUSED_VARIABLE = YES;
				IPHONEOS_DEPLOYMENT_TARGET = 17.2;
				LOCALIZATION_PREFERS_STRING_CATALOGS = YES;
				MTL_ENABLE_DEBUG_INFO = NO;
				MTL_FAST_MATH = YES;
				SDKROOT = iphoneos;
				SWIFT_COMPILATION_MODE = wholemodule;
				VALIDATE_PRODUCT = YES;
			};
			name = Release;
		};
		BEE64DD92BA2E52200790EA7 /* Debug */ = {
			isa = XCBuildConfiguration;
			buildSettings = {
				ASSETCATALOG_COMPILER_APPICON_NAME = AppIcon;
				ASSETCATALOG_COMPILER_GLOBAL_ACCENT_COLOR_NAME = AccentColor;
				CODE_SIGN_STYLE = Automatic;
				CURRENT_PROJECT_VERSION = 1;
				DEVELOPMENT_TEAM = RWYT8FG8C8;
				GENERATE_INFOPLIST_FILE = YES;
				INFOPLIST_FILE = sharePhoto/Info.plist;
				INFOPLIST_KEY_UIApplicationSupportsIndirectInputEvents = YES;
				INFOPLIST_KEY_UILaunchStoryboardName = LaunchScreen;
				INFOPLIST_KEY_UIMainStoryboardFile = Main;
				INFOPLIST_KEY_UISupportedInterfaceOrientations_iPad = "UIInterfaceOrientationPortrait UIInterfaceOrientationPortraitUpsideDown UIInterfaceOrientationLandscapeLeft UIInterfaceOrientationLandscapeRight";
				INFOPLIST_KEY_UISupportedInterfaceOrientations_iPhone = "UIInterfaceOrientationPortrait UIInterfaceOrientationLandscapeLeft UIInterfaceOrientationLandscapeRight";
				LD_RUNPATH_SEARCH_PATHS = (
					"$(inherited)",
					"@executable_path/Frameworks",
				);
				MARKETING_VERSION = 1.0;
				PRODUCT_BUNDLE_IDENTIFIER = com.zulalsarioglu.sharePhoto;
				PRODUCT_NAME = "$(TARGET_NAME)";
				SWIFT_EMIT_LOC_STRINGS = YES;
				SWIFT_VERSION = 5.0;
				TARGETED_DEVICE_FAMILY = "1,2";
			};
			name = Debug;
		};
		BEE64DDA2BA2E52200790EA7 /* Release */ = {
			isa = XCBuildConfiguration;
			buildSettings = {
				ASSETCATALOG_COMPILER_APPICON_NAME = AppIcon;
				ASSETCATALOG_COMPILER_GLOBAL_ACCENT_COLOR_NAME = AccentColor;
				CODE_SIGN_STYLE = Automatic;
				CURRENT_PROJECT_VERSION = 1;
				DEVELOPMENT_TEAM = RWYT8FG8C8;
				GENERATE_INFOPLIST_FILE = YES;
				INFOPLIST_FILE = sharePhoto/Info.plist;
				INFOPLIST_KEY_UIApplicationSupportsIndirectInputEvents = YES;
				INFOPLIST_KEY_UILaunchStoryboardName = LaunchScreen;
				INFOPLIST_KEY_UIMainStoryboardFile = Main;
				INFOPLIST_KEY_UISupportedInterfaceOrientations_iPad = "UIInterfaceOrientationPortrait UIInterfaceOrientationPortraitUpsideDown UIInterfaceOrientationLandscapeLeft UIInterfaceOrientationLandscapeRight";
				INFOPLIST_KEY_UISupportedInterfaceOrientations_iPhone = "UIInterfaceOrientationPortrait UIInterfaceOrientationLandscapeLeft UIInterfaceOrientationLandscapeRight";
				LD_RUNPATH_SEARCH_PATHS = (
					"$(inherited)",
					"@executable_path/Frameworks",
				);
				MARKETING_VERSION = 1.0;
				PRODUCT_BUNDLE_IDENTIFIER = com.zulalsarioglu.sharePhoto;
				PRODUCT_NAME = "$(TARGET_NAME)";
				SWIFT_EMIT_LOC_STRINGS = YES;
				SWIFT_VERSION = 5.0;
				TARGETED_DEVICE_FAMILY = "1,2";
			};
			name = Release;
		};
/* End XCBuildConfiguration section */

/* Begin XCConfigurationList section */
		BEE64DBF2BA2E52100790EA7 /* Build configuration list for PBXProject "sharePhoto" */ = {
			isa = XCConfigurationList;
			buildConfigurations = (
				BEE64DD62BA2E52200790EA7 /* Debug */,
				BEE64DD72BA2E52200790EA7 /* Release */,
			);
			defaultConfigurationIsVisible = 0;
			defaultConfigurationName = Release;
		};
		BEE64DD82BA2E52200790EA7 /* Build configuration list for PBXNativeTarget "sharePhoto" */ = {
			isa = XCConfigurationList;
			buildConfigurations = (
				BEE64DD92BA2E52200790EA7 /* Debug */,
				BEE64DDA2BA2E52200790EA7 /* Release */,
			);
			defaultConfigurationIsVisible = 0;
			defaultConfigurationName = Release;
		};
/* End XCConfigurationList section */

/* Begin XCRemoteSwiftPackageReference section */
		BEE64DDD2BA2E66800790EA7 /* XCRemoteSwiftPackageReference "firebase-ios-sdk" */ = {
			isa = XCRemoteSwiftPackageReference;
			repositoryURL = "https://github.com/firebase/firebase-ios-sdk";
			requirement = {
				kind = upToNextMajorVersion;
				minimumVersion = 10.22.1;
			};
		};
/* End XCRemoteSwiftPackageReference section */

/* Begin XCSwiftPackageProductDependency section */
		BEE64DDE2BA2E66800790EA7 /* FirebaseAnalytics */ = {
			isa = XCSwiftPackageProductDependency;
			package = BEE64DDD2BA2E66800790EA7 /* XCRemoteSwiftPackageReference "firebase-ios-sdk" */;
			productName = FirebaseAnalytics;
		};
		BEE64DE02BA2E66800790EA7 /* FirebaseAnalyticsOnDeviceConversion */ = {
			isa = XCSwiftPackageProductDependency;
			package = BEE64DDD2BA2E66800790EA7 /* XCRemoteSwiftPackageReference "firebase-ios-sdk" */;
			productName = FirebaseAnalyticsOnDeviceConversion;
		};
		BEE64DE22BA2E66800790EA7 /* FirebaseAnalyticsSwift */ = {
			isa = XCSwiftPackageProductDependency;
			package = BEE64DDD2BA2E66800790EA7 /* XCRemoteSwiftPackageReference "firebase-ios-sdk" */;
			productName = FirebaseAnalyticsSwift;
		};
		BEE64DE42BA2E66800790EA7 /* FirebaseAnalyticsWithoutAdIdSupport */ = {
			isa = XCSwiftPackageProductDependency;
			package = BEE64DDD2BA2E66800790EA7 /* XCRemoteSwiftPackageReference "firebase-ios-sdk" */;
			productName = FirebaseAnalyticsWithoutAdIdSupport;
		};
		BEE64DE62BA2E66800790EA7 /* FirebaseAppCheck */ = {
			isa = XCSwiftPackageProductDependency;
			package = BEE64DDD2BA2E66800790EA7 /* XCRemoteSwiftPackageReference "firebase-ios-sdk" */;
			productName = FirebaseAppCheck;
		};
		BEE64DE82BA2E66800790EA7 /* FirebaseAppDistribution-Beta */ = {
			isa = XCSwiftPackageProductDependency;
			package = BEE64DDD2BA2E66800790EA7 /* XCRemoteSwiftPackageReference "firebase-ios-sdk" */;
			productName = "FirebaseAppDistribution-Beta";
		};
		BEE64DEA2BA2E66800790EA7 /* FirebaseAuth */ = {
			isa = XCSwiftPackageProductDependency;
			package = BEE64DDD2BA2E66800790EA7 /* XCRemoteSwiftPackageReference "firebase-ios-sdk" */;
			productName = FirebaseAuth;
		};
		BEE64DEC2BA2E66800790EA7 /* FirebaseAuthCombine-Community */ = {
			isa = XCSwiftPackageProductDependency;
			package = BEE64DDD2BA2E66800790EA7 /* XCRemoteSwiftPackageReference "firebase-ios-sdk" */;
			productName = "FirebaseAuthCombine-Community";
		};
		BEE64DEE2BA2E66800790EA7 /* FirebaseCrashlytics */ = {
			isa = XCSwiftPackageProductDependency;
			package = BEE64DDD2BA2E66800790EA7 /* XCRemoteSwiftPackageReference "firebase-ios-sdk" */;
			productName = FirebaseCrashlytics;
		};
		BEE64DF02BA2E66800790EA7 /* FirebaseDatabase */ = {
			isa = XCSwiftPackageProductDependency;
			package = BEE64DDD2BA2E66800790EA7 /* XCRemoteSwiftPackageReference "firebase-ios-sdk" */;
			productName = FirebaseDatabase;
		};
		BEE64DF22BA2E66800790EA7 /* FirebaseDatabaseSwift */ = {
			isa = XCSwiftPackageProductDependency;
			package = BEE64DDD2BA2E66800790EA7 /* XCRemoteSwiftPackageReference "firebase-ios-sdk" */;
			productName = FirebaseDatabaseSwift;
		};
		BEE64DF42BA2E66800790EA7 /* FirebaseDynamicLinks */ = {
			isa = XCSwiftPackageProductDependency;
			package = BEE64DDD2BA2E66800790EA7 /* XCRemoteSwiftPackageReference "firebase-ios-sdk" */;
			productName = FirebaseDynamicLinks;
		};
		BEE64DF62BA2E66800790EA7 /* FirebaseFirestore */ = {
			isa = XCSwiftPackageProductDependency;
			package = BEE64DDD2BA2E66800790EA7 /* XCRemoteSwiftPackageReference "firebase-ios-sdk" */;
			productName = FirebaseFirestore;
		};
		BEE64DF82BA2E66800790EA7 /* FirebaseFirestoreCombine-Community */ = {
			isa = XCSwiftPackageProductDependency;
			package = BEE64DDD2BA2E66800790EA7 /* XCRemoteSwiftPackageReference "firebase-ios-sdk" */;
			productName = "FirebaseFirestoreCombine-Community";
		};
		BEE64DFA2BA2E66800790EA7 /* FirebaseFirestoreSwift */ = {
			isa = XCSwiftPackageProductDependency;
			package = BEE64DDD2BA2E66800790EA7 /* XCRemoteSwiftPackageReference "firebase-ios-sdk" */;
			productName = FirebaseFirestoreSwift;
		};
		BEE64DFC2BA2E66800790EA7 /* FirebaseFunctions */ = {
			isa = XCSwiftPackageProductDependency;
			package = BEE64DDD2BA2E66800790EA7 /* XCRemoteSwiftPackageReference "firebase-ios-sdk" */;
			productName = FirebaseFunctions;
		};
		BEE64DFE2BA2E66800790EA7 /* FirebaseFunctionsCombine-Community */ = {
			isa = XCSwiftPackageProductDependency;
			package = BEE64DDD2BA2E66800790EA7 /* XCRemoteSwiftPackageReference "firebase-ios-sdk" */;
			productName = "FirebaseFunctionsCombine-Community";
		};
		BEE64E002BA2E66800790EA7 /* FirebaseInAppMessaging-Beta */ = {
			isa = XCSwiftPackageProductDependency;
			package = BEE64DDD2BA2E66800790EA7 /* XCRemoteSwiftPackageReference "firebase-ios-sdk" */;
			productName = "FirebaseInAppMessaging-Beta";
		};
		BEE64E022BA2E66800790EA7 /* FirebaseInAppMessagingSwift-Beta */ = {
			isa = XCSwiftPackageProductDependency;
			package = BEE64DDD2BA2E66800790EA7 /* XCRemoteSwiftPackageReference "firebase-ios-sdk" */;
			productName = "FirebaseInAppMessagingSwift-Beta";
		};
		BEE64E042BA2E66800790EA7 /* FirebaseInstallations */ = {
			isa = XCSwiftPackageProductDependency;
			package = BEE64DDD2BA2E66800790EA7 /* XCRemoteSwiftPackageReference "firebase-ios-sdk" */;
			productName = FirebaseInstallations;
		};
		BEE64E062BA2E66800790EA7 /* FirebaseMLModelDownloader */ = {
			isa = XCSwiftPackageProductDependency;
			package = BEE64DDD2BA2E66800790EA7 /* XCRemoteSwiftPackageReference "firebase-ios-sdk" */;
			productName = FirebaseMLModelDownloader;
		};
		BEE64E082BA2E66800790EA7 /* FirebaseMessaging */ = {
			isa = XCSwiftPackageProductDependency;
			package = BEE64DDD2BA2E66800790EA7 /* XCRemoteSwiftPackageReference "firebase-ios-sdk" */;
			productName = FirebaseMessaging;
		};
		BEE64E0A2BA2E66800790EA7 /* FirebasePerformance */ = {
			isa = XCSwiftPackageProductDependency;
			package = BEE64DDD2BA2E66800790EA7 /* XCRemoteSwiftPackageReference "firebase-ios-sdk" */;
			productName = FirebasePerformance;
		};
		BEE64E0C2BA2E66800790EA7 /* FirebaseRemoteConfig */ = {
			isa = XCSwiftPackageProductDependency;
			package = BEE64DDD2BA2E66800790EA7 /* XCRemoteSwiftPackageReference "firebase-ios-sdk" */;
			productName = FirebaseRemoteConfig;
		};
		BEE64E0E2BA2E66800790EA7 /* FirebaseRemoteConfigSwift */ = {
			isa = XCSwiftPackageProductDependency;
			package = BEE64DDD2BA2E66800790EA7 /* XCRemoteSwiftPackageReference "firebase-ios-sdk" */;
			productName = FirebaseRemoteConfigSwift;
		};
		BEE64E102BA2E66800790EA7 /* FirebaseStorage */ = {
			isa = XCSwiftPackageProductDependency;
			package = BEE64DDD2BA2E66800790EA7 /* XCRemoteSwiftPackageReference "firebase-ios-sdk" */;
			productName = FirebaseStorage;
		};
		BEE64E122BA2E66800790EA7 /* FirebaseStorageCombine-Community */ = {
			isa = XCSwiftPackageProductDependency;
			package = BEE64DDD2BA2E66800790EA7 /* XCRemoteSwiftPackageReference "firebase-ios-sdk" */;
			productName = "FirebaseStorageCombine-Community";
		};
/* End XCSwiftPackageProductDependency section */
	};
	rootObject = BEE64DBC2BA2E52100790EA7 /* Project object */;
}
